{
  "version": 1,
  "dependencies": {
    ".NETStandard,Version=v2.0": {
      "NETStandard.Library": {
        "type": "Direct",
        "requested": "[2.0.3, )",
        "resolved": "2.0.3",
        "contentHash": "st47PosZSHrjECdjeIzZQbzivYBJFv6P2nv4cj2ypdI204DO+vZ7l5raGMiX4eXMJ53RfOIg+/s4DHVZ54Nu2A==",
        "dependencies": {
          "Microsoft.NETCore.Platforms": "1.1.0"
        }
      },
      "PowerShellStandard.Library": {
        "type": "Direct",
        "requested": "[5.1.0, )",
        "resolved": "5.1.0",
        "contentHash": "iYaRvQsM1fow9h3uEmio+2m2VXfulgI16AYHaTZ8Sf7erGe27Qc8w/h6QL5UPuwv1aXR40QfzMEwcCeiYJp2cw=="
      },
      "StrongNamer": {
        "type": "Direct",
        "requested": "[0.2.5, )",
        "resolved": "0.2.5",
        "contentHash": "1IWl8gYnsTC6NXHz63iDpXL8r0y5x0M/Cnq/Ju5uM17gTOQYSeclMkgQsvmGglJEqAwVxayY1sIUR3bb2MAy5Q=="
      },
      "System.Drawing.Common": {
        "type": "Direct",
        "requested": "[6.0.0, )",
        "resolved": "6.0.0",
        "contentHash": "NfuoKUiP2nUWwKZN6twGqXioIe1zVD0RIj2t976A+czLHr2nY454RwwXs6JU9Htc6mwqL6Dn/nEL3dpVf2jOhg=="
      },
      "System.Text.Json": {
        "type": "Direct",
        "requested": "[4.6.0, )",
        "resolved": "4.6.0",
        "contentHash": "4F8Xe+JIkVoDJ8hDAZ7HqLkjctN/6WItJIzQaifBwClC7wmoLSda/Sv2i6i1kycqDb3hWF4JCVbpAweyOKHEUA==",
        "dependencies": {
          "Microsoft.Bcl.AsyncInterfaces": "1.0.0",
          "System.Buffers": "4.5.0",
          "System.Memory": "4.5.3",
          "System.Numerics.Vectors": "4.5.0",
          "System.Runtime.CompilerServices.Unsafe": "4.6.0",
          "System.Text.Encodings.Web": "4.6.0",
          "System.Threading.Tasks.Extensions": "4.5.2"
        }
      },
      "Microsoft.Bcl.AsyncInterfaces": {
        "type": "Transitive",
        "resolved": "1.0.0",
        "contentHash": "K63Y4hORbBcKLWH5wnKgzyn7TOfYzevIEwIedQHBIkmkEBA9SCqgvom+XTuE+fAFGvINGkhFItaZ2dvMGdT5iw==",
        "dependencies": {
          "System.Threading.Tasks.Extensions": "4.5.2"
        }
      },
      "Microsoft.NETCore.Platforms": {
        "type": "Transitive",
        "resolved": "1.1.0",
        "contentHash": "kz0PEW2lhqygehI/d6XsPCQzD7ff7gUJaVGPVETX611eadGsA3A877GdSlU0LRVMCTH/+P3o2iDTak+S08V2+A=="
      },
      "System.Buffers": {
        "type": "Transitive",
        "resolved": "4.5.0",
        "contentHash": "pL2ChpaRRWI/p4LXyy4RgeWlYF2sgfj/pnVMvBqwNFr5cXg7CXNnWZWxrOONLg8VGdFB8oB+EG2Qw4MLgTOe+A=="
      },
      "System.Memory": {
        "type": "Transitive",
        "resolved": "4.5.3",
        "contentHash": "3oDzvc/zzetpTKWMShs1AADwZjQ/36HnsufHRPcOjyRAAMLDlu2iD33MBI2opxnezcVUtXyqDXXjoFMOU9c7SA==",
        "dependencies": {
          "System.Buffers": "4.4.0",
          "System.Numerics.Vectors": "4.4.0",
          "System.Runtime.CompilerServices.Unsafe": "4.5.2"
        }
      },
      "System.Numerics.Vectors": {
        "type": "Transitive",
        "resolved": "4.5.0",
        "contentHash": "QQTlPTl06J/iiDbJCiepZ4H//BVraReU4O4EoRw1U02H5TLUIT7xn3GnDp9AXPSlJUDyFs4uWjWafNX6WrAojQ=="
      },
      "System.Runtime.CompilerServices.Unsafe": {
        "type": "Transitive",
        "resolved": "4.6.0",
        "contentHash": "HxozeSlipUK7dAroTYwIcGwKDeOVpQnJlpVaOkBz7CM4TsE5b/tKlQBZecTjh6FzcSbxndYaxxpsBMz+wMJeyw=="
      },
      "System.Text.Encodings.Web": {
        "type": "Transitive",
        "resolved": "4.6.0",
        "contentHash": "BXgFO8Yi7ao7hVA/nklD0Hre1Bbce048ZqryGZVFifGNPuh+2jqF1i/jLJLMfFGZIzUOw+nCIeH24SQhghDSPw==",
        "dependencies": {
          "System.Memory": "4.5.3"
        }
      },
      "System.Threading.Tasks.Extensions": {
        "type": "Transitive",
        "resolved": "4.5.2",
        "contentHash": "BG/TNxDFv0svAzx8OiMXDlsHfGw623BZ8tCXw4YLhDFDvDhNUEV58jKYMGRnkbJNm7c3JNNJDiN7JBMzxRBR2w==",
        "dependencies": {
          "System.Runtime.CompilerServices.Unsafe": "4.5.2"
        }
      }
    }
  }
}