{
  "version": 1,
  "dependencies": {
    "net6.0": {
      "Microsoft.PowerShell.SDK": {
        "type": "Direct",
        "requested": "[7.2.2, )",
        "resolved": "7.2.2",
        "contentHash": "kAOTZtUnRbkm8/bIu79XFUTHRdDY9leJ1APmMUlyhXqyH/AeR3pWxeb6/ale0O6ZaxiW9g9HXi3yIvNQMTBQbg==",
        "dependencies": {
          "Microsoft.Management.Infrastructure.CimCmdlets": "7.2.2",
          "Microsoft.NETCore.Windows.ApiSets": "1.0.1",
          "Microsoft.PowerShell.Commands.Diagnostics": "7.2.2",
          "Microsoft.PowerShell.Commands.Management": "7.2.2",
          "Microsoft.PowerShell.Commands.Utility": "7.2.2",
          "Microsoft.PowerShell.ConsoleHost": "7.2.2",
          "Microsoft.PowerShell.Security": "7.2.2",
          "Microsoft.WSMan.Management": "7.2.2",
          "Microsoft.Windows.Compatibility": "6.0.0",
          "System.Data.SqlClient": "4.8.3",
          "System.IO.Packaging": "6.0.0",
          "System.Management.Automation": "7.2.2",
          "System.Net.Http.WinHttpHandler": "6.0.0",
          "System.Private.ServiceModel": "4.9.0",
          "System.ServiceModel.Duplex": "4.9.0",
          "System.ServiceModel.Http": "4.9.0",
          "System.ServiceModel.NetTcp": "4.9.0",
          "System.ServiceModel.Primitives": "4.9.0",
          "System.ServiceModel.Security": "4.9.0",
          "System.Text.Encodings.Web": "6.0.0"
        }
      },
      "Newtonsoft.Json": {
        "type": "Direct",
        "requested": "[13.0.1, )",
        "resolved": "13.0.1",
        "contentHash": "ppPFpBcvxdsfUonNcvITKqLl3bqxWbDCZIzDWHzjpdAHRFfZe0Dw9HmA0+za13IdyrgJwpkDTDA9fHaxOrt20A=="
      },
      "System.CommandLine.DragonFruit": {
        "type": "Direct",
        "requested": "[0.3.0-alpha.20303.1, )",
        "resolved": "0.3.0-alpha.20303.1",
        "contentHash": "7aTJ6e3TYpqIDG1IpeSOWaIoCRcyTZ6AD/olb/Ow/7CB5OaEnqXI8aDXnD3lVqXqQsVrJ+OZHfeS+udZHPCD1Q==",
        "dependencies": {
          "System.CommandLine": "2.0.0-beta1.20303.1",
          "System.CommandLine.Rendering": "0.3.0-alpha.20303.1"
        }
      },
      "ICSharpCode.Decompiler": {
        "type": "Transitive",
        "resolved": "7.0.0.6488",
        "contentHash": "1enxZGgiZgnka6VcHpBxkcuuNo462+YVPzRYUfe2/eF3tcDuLk9/yKEfQnXC265sRKnDhks+2Xhk0PlyagM5EA==",
        "dependencies": {
          "System.Collections.Immutable": "5.0.0",
          "System.Reflection.Metadata": "5.0.0"
        }
      },
      "Markdig.Signed": {
        "type": "Transitive",
        "resolved": "0.22.0",
        "contentHash": "7x3FqS3wk8DXyQLuflD47tBs6+ly6k4VtoDCzlDWfy7XHVsBIi7eGYEM15sPAcwSCQjOksNWE8U5r2v0Sk5FzQ=="
      },
      "Microsoft.ApplicationInsights": {
        "type": "Transitive",
        "resolved": "2.18.0",
        "contentHash": "milJB3VOCoC4EWmpE/Co9cOJ7SV6Ji6VqV4Rf5UlqL9QCg+rAX1y+3Y+j1Gu/j4IExYiPq7SEKqkP2BFnEu6Vw==",
        "dependencies": {
          "System.Diagnostics.DiagnosticSource": "5.0.0"
        }
      },
      "Microsoft.Bcl.AsyncInterfaces": {
        "type": "Transitive",
        "resolved": "5.0.0",
        "contentHash": "W8DPQjkMScOMTtJbPwmPyj9c3zYSFGawDW3jwlBOOsnY+EzZFLgNQ/UMkK35JmkNOVPdCyPr2Tw7Vv9N+KA3ZQ=="
      },
      "Microsoft.CodeAnalysis.Analyzers": {
        "type": "Transitive",
        "resolved": "3.3.2",
        "contentHash": "7xt6zTlIEizUgEsYAIgm37EbdkiMmr6fP6J9pDoKEpiGM4pi32BCPGr/IczmSJI9Zzp0a6HOzpr9OvpMP+2veA=="
      },
      "Microsoft.CodeAnalysis.Common": {
        "type": "Transitive",
        "resolved": "4.0.1",
        "contentHash": "SMREwaVD5SzatlWhh9aahQAtSWdb63NcE//f+bQzgHSECU6xtDtaxk0kwV+asdFfr6HtW38UeO6jvqdfzudg3w==",
        "dependencies": {
          "Microsoft.CodeAnalysis.Analyzers": "3.3.2",
          "System.Collections.Immutable": "5.0.0",
          "System.Memory": "4.5.4",
          "System.Reflection.Metadata": "5.0.0",
          "System.Runtime.CompilerServices.Unsafe": "5.0.0",
          "System.Text.Encoding.CodePages": "4.5.1",
          "System.Threading.Tasks.Extensions": "4.5.4"
        }
      },
      "Microsoft.CodeAnalysis.CSharp": {
        "type": "Transitive",
        "resolved": "4.0.1",
        "contentHash": "Q9RxxydPpUElj/x1/qykDTUGsRoKbJG8H5XUSeMGmMu54fBiuX1xyanom9caa1oQfh5JIW1BgLxobSaWs4WyHQ==",
        "dependencies": {
          "Microsoft.CodeAnalysis.Common": "[4.0.1]"
        }
      },
      "Microsoft.CSharp": {
        "type": "Transitive",
        "resolved": "4.4.1",
        "contentHash": "A5hI3gk6WpcBI0QGZY6/d5CCaYUxJgi7iENn1uYEng+Olo8RfI5ReGVkjXjeu3VR3srLvVYREATXa2M0X7FYJA=="
      },
      "Microsoft.Extensions.ObjectPool": {
        "type": "Transitive",
        "resolved": "5.0.10",
        "contentHash": "pp9tbGqIhdEXL6Q1yJl+zevAJSq4BsxqhS1GXzBvEsEz9DDNu9GLNzgUy2xyFc4YjB4m4Ff2YEWTnvQvVYdkvQ=="
      },
      "Microsoft.Management.Infrastructure": {
        "type": "Transitive",
        "resolved": "2.0.0",
        "contentHash": "IaKZRNBBv3sdrmBWd+aqwHq8cVHk/3WgWFAN/dt40MRY9rbtHiDfTTmaEN0tGTmQqGCGDo/ncntA8MvFMvcsRw==",
        "dependencies": {
          "Microsoft.Management.Infrastructure.Runtime.Unix": "2.0.0",
          "Microsoft.Management.Infrastructure.Runtime.Win": "2.0.0"
        }
      },
      "Microsoft.Management.Infrastructure.CimCmdlets": {
        "type": "Transitive",
        "resolved": "7.2.2",
        "contentHash": "l1NklpK8N2t9AupDML8kO0O2lRxZrhXrGkIWYZSqyd/xCjqlEzerBUaQ5HRJiEkWBfFlsBYi/QWntEEbWKncQw==",
        "dependencies": {
          "System.Management.Automation": "7.2.2"
        }
      },
      "Microsoft.Management.Infrastructure.Runtime.Unix": {
        "type": "Transitive",
        "resolved": "2.0.0",
        "contentHash": "p0lslMX5bdWLxO2P7ao+rjAMOB0LEwPYpzvdCQ2OEYgX2NxFpQ8ILvqPGnYlTAb53rT8gu5DyIol1HboHFYfxQ=="
      },
      "Microsoft.Management.Infrastructure.Runtime.Win": {
        "type": "Transitive",
        "resolved": "2.0.0",
        "contentHash": "vjBWQeDOjgernkrOdbEgn7M70SF7hof7ORdKPSlL06Uc15+oYdth5dZju9KsgUoti/cwnkZTiwtDx/lRtay0sA=="
      },
      "Microsoft.NETCore.Platforms": {
        "type": "Transitive",
        "resolved": "2.0.0",
        "contentHash": "VdLJOCXhZaEMY7Hm2GKiULmn7IEPFE4XC5LPSfBVCUIA8YLZVh846gtfBJalsPQF2PlzdD7ecX7DZEulJ402ZQ=="
      },
      "Microsoft.NETCore.Windows.ApiSets": {
        "type": "Transitive",
        "resolved": "1.0.1",
        "contentHash": "SaToCvvsGMxTgtLv/BrFQ5IFMPRE1zpWbnqbpwykJa8W5XiX82CXI6K2o7yf5xS7EP6t/JzFLV0SIDuWpvBZVw=="
      },
      "Microsoft.PowerShell.Commands.Diagnostics": {
        "type": "Transitive",
        "resolved": "7.2.2",
        "contentHash": "drfAmuqA6lPy7CuGfUB0rOnUdyozhp46Xx0H/qFnkD+at638NhOsbZm+cH7uu7PLW6bf3PJlQH8qoShgWfSW7g==",
        "dependencies": {
          "System.Management.Automation": "7.2.2"
        }
      },
      "Microsoft.PowerShell.Commands.Management": {
        "type": "Transitive",
        "resolved": "7.2.2",
        "contentHash": "G+9bLZy2NuUx8Dhkbg6NxxWhIRb1yHysfHsQ32pjsk4XdqKBvnFcIusV9NXP75LMOMoSNkeD8yEMyinzwuyNog==",
        "dependencies": {
          "Microsoft.PowerShell.Security": "7.2.2",
          "System.ServiceProcess.ServiceController": "6.0.0"
        }
      },
      "Microsoft.PowerShell.Commands.Utility": {
        "type": "Transitive",
        "resolved": "7.2.2",
        "contentHash": "4HBzi39JUFaBe7UR2GovzYZYpB4PdqeJkB6P+QGRO01xEWAK8Vi0pOT2DaEcm9+cRoFS+EyAGTZW9smIDuxHLQ==",
        "dependencies": {
          "Microsoft.CodeAnalysis.CSharp": "4.0.1",
          "Microsoft.PowerShell.MarkdownRender": "7.2.0",
          "NJsonSchema": "10.5.2",
          "System.Drawing.Common": "6.0.0",
          "System.Management.Automation": "7.2.2",
          "System.Threading.AccessControl": "6.0.0"
        }
      },
      "Microsoft.PowerShell.ConsoleHost": {
        "type": "Transitive",
        "resolved": "7.2.2",
        "contentHash": "wFFxiZNpLmQPkRQVo02r7gVhlBSRSVtBTTNlN2z3VJWVmYQIIn5qmrU4MJm5g4kz76IkXg44x68A4ije8JVbeQ==",
        "dependencies": {
          "System.Management.Automation": "7.2.2"
        }
      },
      "Microsoft.PowerShell.CoreCLR.Eventing": {
        "type": "Transitive",
        "resolved": "7.2.2",
        "contentHash": "ccRbYMbO4+Ilyi4C0Kqu1UqV3wdrgRtY3PQZqwKS0mx++Zsjg5F9jyrOnPDlwx1cMqxLQtHCOdCNuf39h2oAJA==",
        "dependencies": {
          "System.Diagnostics.EventLog": "6.0.0"
        }
      },
      "Microsoft.PowerShell.MarkdownRender": {
        "type": "Transitive",
        "resolved": "7.2.0",
        "contentHash": "1vqDtdX9RCGsMWCbzp0CIxZW3slWgq8mYHDfUlUKzmkV57fMAn4m0Gy2OtsqopZzrOiVJci+QCWx5FB7BVpMlw==",
        "dependencies": {
          "Markdig.Signed": "0.22.0"
        }
      },
      "Microsoft.PowerShell.Native": {
        "type": "Transitive",
        "resolved": "7.2.0",
        "contentHash": "TauOu3bYr4DRh9HpH3+fgaL+y2GY47KLsgU6qX1NDLqHshdEaCCjiF0N5sDEgCEhSb38FwWhpdFTIQvoOcYCXQ=="
      },
      "Microsoft.PowerShell.Security": {
        "type": "Transitive",
        "resolved": "7.2.2",
        "contentHash": "2mgbRIyDm05vHNVEaZRPu+SeZH36CBAdVw+NIoi9tEf9cXS99maBvkM1iUuYUmyYQmOwJw7DgIVo7CdHWzlIRw==",
        "dependencies": {
          "System.Management.Automation": "7.2.2"
        }
      },
      "Microsoft.Win32.Registry": {
        "type": "Transitive",
        "resolved": "4.7.0",
        "contentHash": "KSrRMb5vNi0CWSGG1++id2ZOs/1QhRqROt+qgbEAdQuGjGrFcl4AOl4/exGPUYz2wUnU42nvJqon1T3U0kPXLA==",
        "dependencies": {
          "System.Security.AccessControl": "4.7.0",
          "System.Security.Principal.Windows": "4.7.0"
        }
      },
      "Microsoft.Win32.Registry.AccessControl": {
        "type": "Transitive",
        "resolved": "6.0.0",
        "contentHash": "UoE+eeuBKL+GFHxHV3FjHlY5K8Wr/IR7Ee/a2oDNqFodF1iMqyt5hIs0U9Z217AbWrHrNle4750kD03hv1IMZw==",
        "dependencies": {
          "System.Security.AccessControl": "6.0.0"
        }
      },
      "Microsoft.Win32.SystemEvents": {
        "type": "Transitive",
        "resolved": "6.0.0",
        "contentHash": "hqTM5628jSsQiv+HGpiq3WKBl2c8v1KZfby2J6Pr7pEPlK9waPdgEO6b8A/+/xn/yZ9ulv8HuqK71ONy2tg67A=="
      },
      "Microsoft.Windows.Compatibility": {
        "type": "Transitive",
        "resolved": "6.0.0",
        "contentHash": "9esuK5JqnjkDgO9/AHesyJSG0aKwpfLVzTw6nIGYhqE91VLxZyv3HKulNoPVy/NOuyAaf1kE4FKtdZDzdd/SLw==",
        "dependencies": {
          "Microsoft.Win32.Registry.AccessControl": "6.0.0",
          "Microsoft.Win32.SystemEvents": "6.0.0",
          "System.CodeDom": "6.0.0",
          "System.ComponentModel.Composition": "6.0.0",
          "System.ComponentModel.Composition.Registration": "6.0.0",
          "System.Configuration.ConfigurationManager": "6.0.0",
          "System.Data.Odbc": "6.0.0",
          "System.Data.OleDb": "6.0.0",
          "System.Data.SqlClient": "4.8.3",
          "System.Diagnostics.EventLog": "6.0.0",
          "System.Diagnostics.PerformanceCounter": "6.0.0",
          "System.DirectoryServices": "6.0.0",
          "System.DirectoryServices.AccountManagement": "6.0.0",
          "System.DirectoryServices.Protocols": "6.0.0",
          "System.Drawing.Common": "6.0.0",
          "System.IO.Packaging": "6.0.0",
          "System.IO.Ports": "6.0.0",
          "System.Management": "6.0.0",
          "System.Reflection.Context": "6.0.0",
          "System.Runtime.Caching": "6.0.0",
          "System.Security.AccessControl": "6.0.0",
          "System.Security.Cryptography.Pkcs": "6.0.0",
          "System.Security.Cryptography.ProtectedData": "6.0.0",
          "System.Security.Cryptography.Xml": "6.0.0",
          "System.Security.Permissions": "6.0.0",
          "System.ServiceModel.Duplex": "4.9.0",
          "System.ServiceModel.Http": "4.9.0",
          "System.ServiceModel.NetTcp": "4.9.0",
          "System.ServiceModel.Primitives": "4.9.0",
          "System.ServiceModel.Security": "4.9.0",
          "System.ServiceModel.Syndication": "6.0.0",
          "System.ServiceProcess.ServiceController": "6.0.0",
          "System.Speech": "6.0.0",
          "System.Text.Encoding.CodePages": "6.0.0",
          "System.Threading.AccessControl": "6.0.0",
          "System.Web.Services.Description": "4.9.0"
        }
      },
      "Microsoft.WSMan.Management": {
        "type": "Transitive",
        "resolved": "7.2.2",
        "contentHash": "4wRtyldf4FzIIxGF2COFDVlZfayli57iKUmHI7nPE82b6qiSbS3AZGZtcmpAJlusZFIJ4ABiy+2jiOQjc7xIoA==",
        "dependencies": {
          "Microsoft.WSMan.Runtime": "7.2.2",
          "System.Management.Automation": "7.2.2",
          "System.ServiceProcess.ServiceController": "6.0.0"
        }
      },
      "Microsoft.WSMan.Runtime": {
        "type": "Transitive",
        "resolved": "7.2.2",
        "contentHash": "zbrXm3Sn1tvMxnYDRzVfhtlYwW1KzYiXdXAhPLcWXhVQnt8aWhC0R/8/1dQF3d0LVwsZJ8+PxsTbkV/wz+g2qQ=="
      },
      "morelinq": {
        "type": "Transitive",
        "resolved": "3.3.2",
        "contentHash": "MQc8GppZJLmjvcpEdf3EkC6ovsp7gRWt2e5mC7dcIOrgwSc+yjFd3JQ0iRqr3XrUT6rb/phv0IkEmBtbfVA7AQ=="
      },
      "Namotion.Reflection": {
        "type": "Transitive",
        "resolved": "2.0.3",
        "contentHash": "tZCe/UrSBAMW8A4TjD/SlpRHaWjnHlSWdyRuOXhf3yrE0OX+4fXg0uzj7mwFDclXznfCGRAZbP+akPt4G/mclw==",
        "dependencies": {
          "Microsoft.CSharp": "4.3.0"
        }
      },
      "NJsonSchema": {
        "type": "Transitive",
        "resolved": "10.5.2",
        "contentHash": "Vr2CbySuXh74TQFU0rGJYZOS492xOE64cPXdB7a0cfXJb/N45Bf4v7sd4LOla0jNhgc5V/B61Ko3qecriL195w==",
        "dependencies": {
          "Namotion.Reflection": "2.0.3",
          "Newtonsoft.Json": "9.0.1"
        }
      },
      "PowerShellStandard.Library": {
        "type": "Transitive",
        "resolved": "5.1.0",
        "contentHash": "iYaRvQsM1fow9h3uEmio+2m2VXfulgI16AYHaTZ8Sf7erGe27Qc8w/h6QL5UPuwv1aXR40QfzMEwcCeiYJp2cw=="
      },
      "runtime.linux-arm.runtime.native.System.IO.Ports": {
        "type": "Transitive",
        "resolved": "6.0.0",
        "contentHash": "75q52H7CSpgIoIDwXb9o833EvBZIXJ0mdPhz1E6jSisEXUBlSCPalC29cj3EXsjpuDwr0dj1LRXZepIQH/oL4Q=="
      },
      "runtime.linux-arm64.runtime.native.System.IO.Ports": {
        "type": "Transitive",
        "resolved": "6.0.0",
        "contentHash": "xn2bMThmXr3CsvOYmS8ex2Yz1xo+kcnhVg2iVhS9PlmqjZPAkrEo/I40wjrBZH/tU4kvH0s1AE8opAvQ3KIS8g=="
      },
      "runtime.linux-x64.runtime.native.System.IO.Ports": {
        "type": "Transitive",
        "resolved": "6.0.0",
        "contentHash": "16nbNXwv0sC+gLGIuecri0skjuh6R1maIJggsaNP7MQBcbVcEfWFUOkEnsnvoLEjy0XerfibuRptfQ8AmdIcWA=="
      },
      "runtime.native.System.Data.SqlClient.sni": {
        "type": "Transitive",
        "resolved": "4.7.0",
        "contentHash": "9kyFSIdN3T0qjDQ2R0HRXYIhS3l5psBzQi6qqhdLz+SzFyEy4sVxNOke+yyYv8Cu8rPER12c3RDjLT8wF3WBYQ==",
        "dependencies": {
          "runtime.win-arm64.runtime.native.System.Data.SqlClient.sni": "4.4.0",
          "runtime.win-x64.runtime.native.System.Data.SqlClient.sni": "4.4.0",
          "runtime.win-x86.runtime.native.System.Data.SqlClient.sni": "4.4.0"
        }
      },
      "runtime.native.System.IO.Ports": {
        "type": "Transitive",
        "resolved": "6.0.0",
        "contentHash": "KaaXlpOcuZjMdmyF5wzzx3b+PRKIzt6A5Ax9dKenPDQbVJAFpev+casD0BIig1pBcbs3zx7CqWemzUJKAeHdSQ==",
        "dependencies": {
          "runtime.linux-arm.runtime.native.System.IO.Ports": "6.0.0",
          "runtime.linux-arm64.runtime.native.System.IO.Ports": "6.0.0",
          "runtime.linux-x64.runtime.native.System.IO.Ports": "6.0.0",
          "runtime.osx-arm64.runtime.native.System.IO.Ports": "6.0.0",
          "runtime.osx-x64.runtime.native.System.IO.Ports": "6.0.0"
        }
      },
      "runtime.osx-arm64.runtime.native.System.IO.Ports": {
        "type": "Transitive",
        "resolved": "6.0.0",
        "contentHash": "fXG12NodG1QrCdoaeSQ1gVnk/koi4WYY4jZtarMkZeQMyReBm1nZlSRoPnUjLr2ZR36TiMjpcGnQfxymieUe7w=="
      },
      "runtime.osx-x64.runtime.native.System.IO.Ports": {
        "type": "Transitive",
        "resolved": "6.0.0",
        "contentHash": "/As+zPY49+dSUXkh+fTUbyPhqrdGN//evLxo4Vue88pfh1BHZgF7q4kMblTkxYvwR6Vi03zSYxysSFktO8/SDQ=="
      },
      "runtime.win-arm64.runtime.native.System.Data.SqlClient.sni": {
        "type": "Transitive",
        "resolved": "4.4.0",
        "contentHash": "LbrynESTp3bm5O/+jGL8v0Qg5SJlTV08lpIpFesXjF6uGNMWqFnUQbYBJwZTeua6E/Y7FIM1C54Ey1btLWupdg=="
      },
      "runtime.win-x64.runtime.native.System.Data.SqlClient.sni": {
        "type": "Transitive",
        "resolved": "4.4.0",
        "contentHash": "38ugOfkYJqJoX9g6EYRlZB5U2ZJH51UP8ptxZgdpS07FgOEToV+lS11ouNK2PM12Pr6X/PpT5jK82G3DwH/SxQ=="
      },
      "runtime.win-x86.runtime.native.System.Data.SqlClient.sni": {
        "type": "Transitive",
        "resolved": "4.4.0",
        "contentHash": "YhEdSQUsTx+C8m8Bw7ar5/VesXvCFMItyZF7G1AUY+OM0VPZUOeAVpJ4Wl6fydBGUYZxojTDR3I6Bj/+BPkJNA=="
      },
      "Serilog": {
        "type": "Transitive",
        "resolved": "2.10.0",
        "contentHash": "+QX0hmf37a0/OZLxM3wL7V6/ADvC1XihXN4Kq/p6d8lCPfgkRdiuhbWlMaFjR9Av0dy5F0+MBeDmDdRZN/YwQA=="
      },
      "Serilog.Sinks.File": {
        "type": "Transitive",
        "resolved": "5.0.0",
        "contentHash": "uwV5hdhWPwUH1szhO8PJpFiahqXmzPzJT/sOijH/kFgUx+cyoDTMM8MHD0adw9+Iem6itoibbUXHYslzXsLEAg==",
        "dependencies": {
          "Serilog": "2.10.0"
        }
      },
      "StrongNamer": {
        "type": "Transitive",
        "resolved": "0.2.5",
        "contentHash": "1IWl8gYnsTC6NXHz63iDpXL8r0y5x0M/Cnq/Ju5uM17gTOQYSeclMkgQsvmGglJEqAwVxayY1sIUR3bb2MAy5Q=="
      },
      "System.CodeDom": {
        "type": "Transitive",
        "resolved": "6.0.0",
        "contentHash": "CPc6tWO1LAer3IzfZufDBRL+UZQcj5uS207NHALQzP84Vp/z6wF0Aa0YZImOQY8iStY0A2zI/e3ihKNPfUm8XA=="
      },
      "System.Collections.Immutable": {
        "type": "Transitive",
        "resolved": "5.0.0",
        "contentHash": "FXkLXiK0sVVewcso0imKQoOxjoPAj42R8HtjjbSjVPAzwDfzoyoznWxgA3c38LDbN9SJux1xXoXYAhz98j7r2g=="
      },
      "System.CommandLine": {
        "type": "Transitive",
        "resolved": "2.0.0-beta1.20303.1",
        "contentHash": "2CknrYJXyL+tV523KL3Sm9UBq/ZaAXwToU+d+ScqTZOuaVmGpeAOXOHxkBYeuabTBuhWAij/Quv4dpeqSzHsxA==",
        "dependencies": {
          "Microsoft.CSharp": "4.4.1",
          "system.memory": "4.5.4"
        }
      },
      "System.CommandLine.Rendering": {
        "type": "Transitive",
        "resolved": "0.3.0-alpha.20303.1",
        "contentHash": "Dx4UQO+kjcrKE5Q9Rz0/rgXhhXrzIXuWW26ZmQw4wEOW7n6yHyavgT+uJ7dbW/4gA/KdzCayyr+umDEu//u5pg==",
        "dependencies": {
          "System.CommandLine": "2.0.0-beta1.20303.1"
        }
      },
      "System.ComponentModel.Composition": {
        "type": "Transitive",
        "resolved": "6.0.0",
        "contentHash": "60Qv+F7oxomOjJeTDA5Z4iCyFbQ0B/2Mi5HT+13pxxq0lVnu2ipbWMzFB+RWKr3wWKA8BSncXr9PH/fECwMX5Q=="
      },
      "System.ComponentModel.Composition.Registration": {
        "type": "Transitive",
        "resolved": "6.0.0",
        "contentHash": "+i3RLlOgTsf15VeADBPpzPyRiXq71aLSuzdHeNtmq9f6BwpF3OWhB76p0WDUNCa3Z+SLD4dJbBM9yAep7kQCGA==",
        "dependencies": {
          "System.ComponentModel.Composition": "6.0.0",
          "System.Reflection.Context": "6.0.0"
        }
      },
      "System.Configuration.ConfigurationManager": {
        "type": "Transitive",
        "resolved": "6.0.0",
        "contentHash": "7T+m0kDSlIPTHIkPMIu6m6tV6qsMqJpvQWW2jIc2qi7sn40qxFo0q+7mEQAhMPXZHMKnWrnv47ntGlM/ejvw3g==",
        "dependencies": {
          "System.Security.Cryptography.ProtectedData": "6.0.0",
          "System.Security.Permissions": "6.0.0"
        }
      },
      "System.Data.Odbc": {
        "type": "Transitive",
        "resolved": "6.0.0",
        "contentHash": "pnZjwe0Qwr1Rnp7NExd5zz4YwXJrYuAbWNKjEQpTzCEg6f/L5DYJS7w3hG3vgSj1t/r79UL390YzXIklf1VuQQ==",
        "dependencies": {
          "System.Text.Encoding.CodePages": "6.0.0"
        }
      },
      "System.Data.OleDb": {
        "type": "Transitive",
        "resolved": "6.0.0",
        "contentHash": "LQ8PjTIF1LtrrlGiyiTVjAkQtTWKm9GSNnygIlWjhN9y88s7xhy6DUNDDkmQQ9f6ex7mA4k0Tl97lz/CklaiLg==",
        "dependencies": {
          "System.Configuration.ConfigurationManager": "6.0.0",
          "System.Diagnostics.PerformanceCounter": "6.0.0"
        }
      },
      "System.Data.SqlClient": {
        "type": "Transitive",
        "resolved": "4.8.3",
        "contentHash": "yERfVLXAY0QbylAgaGLByYN0hFxX28aeEQ0hUgJO+Ntn1AfmWl5HHUoYJA0Yl9HhIUUJHVaS/Sw/RLZr5aaC+A==",
        "dependencies": {
          "Microsoft.Win32.Registry": "4.7.0",
          "System.Security.Principal.Windows": "4.7.0",
          "runtime.native.System.Data.SqlClient.sni": "4.7.0"
        }
      },
      "System.Diagnostics.DiagnosticSource": {
        "type": "Transitive",
        "resolved": "5.0.0",
        "contentHash": "tCQTzPsGZh/A9LhhA6zrqCRV4hOHsK90/G7q3Khxmn6tnB1PuNU0cRaKANP2AWcF9bn0zsuOoZOSrHuJk6oNBA=="
      },
      "System.Diagnostics.EventLog": {
        "type": "Transitive",
        "resolved": "6.0.0",
        "contentHash": "lcyUiXTsETK2ALsZrX+nWuHSIQeazhqPphLfaRxzdGaG93+0kELqpgEHtwWOlQe7+jSFnKwaCAgL4kjeZCQJnw=="
      },
      "System.Diagnostics.PerformanceCounter": {
        "type": "Transitive",
        "resolved": "6.0.0",
        "contentHash": "gbeE5tNp/oB7O8kTTLh3wPPJCxpNOphXPTWVs1BsYuFOYapFijWuh0LYw1qnDo4gwDUYPXOmpTIhvtxisGsYOQ==",
        "dependencies": {
          "System.Configuration.ConfigurationManager": "6.0.0"
        }
      },
      "System.DirectoryServices": {
        "type": "Transitive",
        "resolved": "6.0.0",
        "contentHash": "kp/Op0nxDVGlElDKh8TsXO0GKXftQgAB6sJk0wUetZK1Rr0Pbd86Tn7AllLLlROFZa4BTl/LVHakljtGELFzCg==",
        "dependencies": {
          "System.Security.AccessControl": "6.0.0",
          "System.Security.Permissions": "6.0.0"
        }
      },
      "System.DirectoryServices.AccountManagement": {
        "type": "Transitive",
        "resolved": "6.0.0",
        "contentHash": "2iKkY6VC4WX6H13N8WhH2SRUfWCwg2KZR5w9JIS9cw9N8cZhT7VXxHX0L6OX6Po419aSu2LWrJE9tu6b+cUnPA==",
        "dependencies": {
          "System.Configuration.ConfigurationManager": "6.0.0",
          "System.DirectoryServices": "6.0.0",
          "System.DirectoryServices.Protocols": "6.0.0",
          "System.Security.AccessControl": "6.0.0"
        }
      },
      "System.DirectoryServices.Protocols": {
        "type": "Transitive",
        "resolved": "6.0.0",
        "contentHash": "++WKU7HQPo/FJdhywWw+q2lLjcVAGVw5XLH9kRCV+4DvkhVAcHCksh0ezIqwNROmaU9LMJN0d/LAdeWXu3pi6Q=="
      },
      "System.Drawing.Common": {
        "type": "Transitive",
        "resolved": "6.0.0",
        "contentHash": "NfuoKUiP2nUWwKZN6twGqXioIe1zVD0RIj2t976A+czLHr2nY454RwwXs6JU9Htc6mwqL6Dn/nEL3dpVf2jOhg==",
        "dependencies": {
          "Microsoft.Win32.SystemEvents": "6.0.0"
        }
      },
      "System.Formats.Asn1": {
        "type": "Transitive",
        "resolved": "6.0.0",
        "contentHash": "T6fD00dQ3NTbPDy31m4eQUwKW84s03z0N2C8HpOklyeaDgaJPa/TexP4/SkORMSOwc7WhKifnA6Ya33AkzmafA=="
      },
      "System.IO.Packaging": {
        "type": "Transitive",
        "resolved": "6.0.0",
        "contentHash": "C7OkTRIjqIjAKu6ef/fuj8ynCZTPcTYZnvHaq48bniACgXXJogmEoIc56YCDNTc14xhsbLmgpS3KP+evbsUa2g=="
      },
      "System.IO.Pipes.AccessControl": {
        "type": "Transitive",
        "resolved": "4.5.0",
        "contentHash": "uqKLJb0Cukb8vG6JVKbJXOAmMWUWOue4ZTjMn7qrfGLZHww3iV8xV1amipI238kmmoFQx6I8GP2bjDM/ss5pQQ==",
        "dependencies": {
          "Microsoft.NETCore.Platforms": "2.0.0",
          "System.Security.AccessControl": "4.5.0",
          "System.Security.Principal.Windows": "4.5.0"
        }
      },
      "System.IO.Ports": {
        "type": "Transitive",
        "resolved": "6.0.0",
        "contentHash": "dRyGI7fUESar5ZLIpiBOaaNLW7YyOBGftjj5Of+xcduC/Rjl7RjhEnWDvvNBmHuF3d0tdXoqdVI/yrVA8f00XA==",
        "dependencies": {
          "runtime.native.System.IO.Ports": "6.0.0"
        }
      },
      "System.Management": {
        "type": "Transitive",
        "resolved": "6.0.0",
        "contentHash": "sHsESYMmPDhQuOC66h6AEOs/XowzKsbT9srMbX71TCXP58hkpn1BqBjdmKj1+DCA/WlBETX1K5WjQHwmV0Txrg==",
        "dependencies": {
          "System.CodeDom": "6.0.0"
        }
      },
      "System.Management.Automation": {
        "type": "Transitive",
        "resolved": "7.2.2",
        "contentHash": "Uul+12CucsJp9yhLQbAXYg8KoUldpwBhN+lCNs+FsIjFNNi+lWo5Y7vtXOI8se8Vv4d9QpDSrQWTDsJyCNkIMw==",
        "dependencies": {
          "Microsoft.ApplicationInsights": "2.18.0",
          "Microsoft.Management.Infrastructure": "2.0.0",
          "Microsoft.PowerShell.CoreCLR.Eventing": "7.2.2",
          "Microsoft.PowerShell.Native": "7.2.0",
          "Microsoft.Win32.Registry.AccessControl": "6.0.0",
          "Newtonsoft.Json": "13.0.1",
          "System.Configuration.ConfigurationManager": "6.0.0",
          "System.DirectoryServices": "6.0.0",
          "System.Management": "6.0.0",
          "System.Runtime.CompilerServices.Unsafe": "6.0.0",
          "System.Security.AccessControl": "6.0.0",
          "System.Security.Cryptography.Pkcs": "6.0.0",
          "System.Security.Permissions": "6.0.0",
          "System.Text.Encoding.CodePages": "6.0.0"
        }
      },
      "System.Memory": {
        "type": "Transitive",
        "resolved": "4.5.4",
        "contentHash": "1MbJTHS1lZ4bS4FmsJjnuGJOu88ZzTT2rLvrhW7Ygic+pC0NWA+3hgAen0HRdsocuQXCkUTdFn9yHJJhsijDXw=="
      },
      "System.Net.Http.WinHttpHandler": {
        "type": "Transitive",
        "resolved": "6.0.0",
        "contentHash": "jubNN9jH4NzVrvEf4fGwESLBsfH8whWNbHMhgM6IwA8UCt6+/M19bbOHc21JhigvC2HQKCl8HKGZMcBtIpzqIg=="
      },
      "System.Numerics.Vectors": {
        "type": "Transitive",
        "resolved": "4.5.0",
        "contentHash": "QQTlPTl06J/iiDbJCiepZ4H//BVraReU4O4EoRw1U02H5TLUIT7xn3GnDp9AXPSlJUDyFs4uWjWafNX6WrAojQ=="
      },
      "System.Private.ServiceModel": {
        "type": "Transitive",
        "resolved": "4.9.0",
        "contentHash": "d3RjkrtpjUQ63PzFmm/SZ4aOXeJNP+8YW5QeP0lCJy8iX4xlHdlNLWTF9sRn9SmrFTK757kQXT9Op/R4l858uw==",
        "dependencies": {
          "Microsoft.Bcl.AsyncInterfaces": "5.0.0",
          "Microsoft.Extensions.ObjectPool": "5.0.10",
          "System.Numerics.Vectors": "4.5.0",
          "System.Reflection.DispatchProxy": "4.7.1",
          "System.Security.Cryptography.Xml": "5.0.0",
          "System.Security.Principal.Windows": "5.0.0"
        }
      },
      "System.Reflection.Context": {
        "type": "Transitive",
        "resolved": "6.0.0",
        "contentHash": "Vi+Gb41oyOYie7uLSsjRmfRg3bryUg5DssJvj3gDUl0D8z6ipSm6/yi/XNx2rcS5iVMvHcwRUHjcx7ixv0K3/w=="
      },
      "System.Reflection.DispatchProxy": {
        "type": "Transitive",
        "resolved": "4.7.1",
        "contentHash": "C1sMLwIG6ILQ2bmOT4gh62V6oJlyF4BlHcVMrOoor49p0Ji2tA8QAoqyMcIhAdH6OHKJ8m7BU+r4LK2CUEOKqw=="
      },
      "System.Reflection.Metadata": {
        "type": "Transitive",
        "resolved": "5.0.0",
        "contentHash": "5NecZgXktdGg34rh1OenY1rFNDCI8xSjFr+Z4OU4cU06AQHUdRnIIEeWENu3Wl4YowbzkymAIMvi3WyK9U53pQ=="
      },
      "System.Runtime.Caching": {
        "type": "Transitive",
        "resolved": "6.0.0",
        "contentHash": "E0e03kUp5X2k+UAoVl6efmI7uU7JRBWi5EIdlQ7cr0NpBGjHG4fWII35PgsBY9T4fJQ8E4QPsL0rKksU9gcL5A==",
        "dependencies": {
          "System.Configuration.ConfigurationManager": "6.0.0"
        }
      },
      "System.Runtime.CompilerServices.Unsafe": {
        "type": "Transitive",
        "resolved": "6.0.0",
        "contentHash": "/iUeP3tq1S0XdNNoMz5C9twLSrM/TH+qElHkXWaPvuNOt+99G75NrV0OS2EqHx5wMN7popYjpc8oTjC1y16DLg=="
      },
      "System.Security.AccessControl": {
        "type": "Transitive",
        "resolved": "6.0.0",
        "contentHash": "AUADIc0LIEQe7MzC+I0cl0rAT8RrTAKFHl53yHjEUzNVIaUlhFY11vc2ebiVJzVBuOzun6F7FBA+8KAbGTTedQ=="
      },
      "System.Security.Cryptography.Pkcs": {
        "type": "Transitive",
        "resolved": "6.0.0",
        "contentHash": "elM3x+xSRhzQysiqo85SbidJJ2YbZlnvmh+53TuSZHsD7dNuuEWser+9EFtY+rYupBwkq2avc6ZCO3/6qACgmg==",
        "dependencies": {
          "System.Formats.Asn1": "6.0.0"
        }
      },
      "System.Security.Cryptography.ProtectedData": {
        "type": "Transitive",
        "resolved": "6.0.0",
        "contentHash": "rp1gMNEZpvx9vP0JW0oHLxlf8oSiQgtno77Y4PLUBjSiDYoD77Y8uXHr1Ea5XG4/pIKhqAdxZ8v8OTUtqo9PeQ=="
      },
      "System.Security.Cryptography.Xml": {
        "type": "Transitive",
        "resolved": "6.0.0",
        "contentHash": "puJ4UCh9JVRwOCyCIcq71JY6Axr8Sp8E2GjTIU1Fj8hm4+oX6NEoyGFGa/+pBG8SrVxbQPSj7hvtaREyTHHsmw==",
        "dependencies": {
          "System.Security.AccessControl": "6.0.0",
          "System.Security.Cryptography.Pkcs": "6.0.0"
        }
      },
      "System.Security.Permissions": {
        "type": "Transitive",
        "resolved": "6.0.0",
        "contentHash": "T/uuc7AklkDoxmcJ7LGkyX1CcSviZuLCa4jg3PekfJ7SU0niF0IVTXwUiNVP9DSpzou2PpxJ+eNY2IfDM90ZCg==",
        "dependencies": {
          "System.Security.AccessControl": "6.0.0",
          "System.Windows.Extensions": "6.0.0"
        }
      },
      "System.Security.Principal.Windows": {
        "type": "Transitive",
        "resolved": "5.0.0",
        "contentHash": "t0MGLukB5WAVU9bO3MGzvlGnyJPgUlcwerXn1kzBRjwLKixT96XV0Uza41W49gVd8zEMFu9vQEFlv0IOrytICA=="
      },
      "System.ServiceModel.Duplex": {
        "type": "Transitive",
        "resolved": "4.9.0",
        "contentHash": "Yb8MFiJxBBtm2JnfS/5SxYzm2HqkEmHu5xeaVIHXy83sNpty9wc30JifH2xgda821D6nr1UctbwbdZqN4LBUKQ==",
        "dependencies": {
          "System.Private.ServiceModel": "4.9.0",
          "System.ServiceModel.Primitives": "4.9.0"
        }
      },
      "System.ServiceModel.Http": {
        "type": "Transitive",
        "resolved": "4.9.0",
        "contentHash": "Z+s3RkLNzJ31fDXAjqXdXp67FqsNG4V3Md3r7FOrzMkHmg61gY8faEfTFPBLxU9tax1HPWt6IHVAquXBKySJaw==",
        "dependencies": {
          "System.Private.ServiceModel": "4.9.0",
          "System.ServiceModel.Primitives": "4.9.0"
        }
      },
      "System.ServiceModel.NetTcp": {
        "type": "Transitive",
        "resolved": "4.9.0",
        "contentHash": "nXgnnkrZERUF/KwmoLwZPkc7fqgiq94DXkmUZBvDNh/LdZquDvjy2NbhJLElpApOa5x8zEoQoBZyJ2PqNC39qg==",
        "dependencies": {
          "System.Private.ServiceModel": "4.9.0",
          "System.ServiceModel.Primitives": "4.9.0"
        }
      },
      "System.ServiceModel.Primitives": {
        "type": "Transitive",
        "resolved": "4.9.0",
        "contentHash": "LTFPVdS8Nf76xg/wRZkDa+2Q+GnjTOmwkTlwuoetwX37mAfYnGkf7p8ydhpDwVmomNljpUOhUUGxfjQyd5YcOg==",
        "dependencies": {
          "System.Private.ServiceModel": "4.9.0"
        }
      },
      "System.ServiceModel.Security": {
        "type": "Transitive",
        "resolved": "4.9.0",
        "contentHash": "iurpbSmPgotHps94VQ6acvL6hU2gjiuBmQI7PwLLN76jsbSpUcahT0PglccKIAwoMujATk/LWtAapBHpwCFn2g==",
        "dependencies": {
          "System.Private.ServiceModel": "4.9.0",
          "System.ServiceModel.Primitives": "4.9.0"
        }
      },
      "System.ServiceModel.Syndication": {
        "type": "Transitive",
        "resolved": "6.0.0",
        "contentHash": "cp1mMNG87iJtE0oHXFtfWT6cfski2JNo5iU0siTPi/uN2k1CIJI6FE4jr4v3got2dzt7wBq17fSy44btun9GiA=="
      },
      "System.ServiceProcess.ServiceController": {
        "type": "Transitive",
        "resolved": "6.0.0",
        "contentHash": "qMBvG8ZFbkXoe0Z5/D7FAAadfPkH2v7vSuh2xsLf3U6jNoejpIdeV18A0htiASsLK1CCAc/p59kaLXlt2yB1gw==",
        "dependencies": {
          "System.Diagnostics.EventLog": "6.0.0"
        }
      },
      "System.Speech": {
        "type": "Transitive",
        "resolved": "6.0.0",
        "contentHash": "GQovERMrNP0Vbtgk8LzH4PlFS6lqHgsL9WkUmv8Kkxa0m0vNakitytpHZlfJ9WR7n9WKLXh68nn2kyL9mflnLg=="
      },
      "System.Text.Encoding.CodePages": {
        "type": "Transitive",
        "resolved": "6.0.0",
        "contentHash": "ZFCILZuOvtKPauZ/j/swhvw68ZRi9ATCfvGbk1QfydmcXBkIWecWKn/250UH7rahZ5OoDBaiAudJtPvLwzw85A==",
        "dependencies": {
          "System.Runtime.CompilerServices.Unsafe": "6.0.0"
        }
      },
      "System.Text.Encodings.Web": {
        "type": "Transitive",
        "resolved": "6.0.0",
        "contentHash": "Vg8eB5Tawm1IFqj4TVK1czJX89rhFxJo9ELqc/Eiq0eXy13RK00eubyU6TJE6y+GQXjyV5gSfiewDUZjQgSE0w==",
        "dependencies": {
          "System.Runtime.CompilerServices.Unsafe": "6.0.0"
        }
      },
      "System.Text.Json": {
        "type": "Transitive",
        "resolved": "4.6.0",
        "contentHash": "4F8Xe+JIkVoDJ8hDAZ7HqLkjctN/6WItJIzQaifBwClC7wmoLSda/Sv2i6i1kycqDb3hWF4JCVbpAweyOKHEUA=="
      },
      "System.Threading.AccessControl": {
        "type": "Transitive",
        "resolved": "6.0.0",
        "contentHash": "2258mqWesMch/xCpcnjJBgJP33yhpZLGLbEOm01qwq0efG4b+NG8c9sxYOWNxmDQ82swXrnQRl1Yp2wC1NrfZA==",
        "dependencies": {
          "System.Security.AccessControl": "6.0.0"
        }
      },
      "System.Threading.Tasks.Extensions": {
        "type": "Transitive",
        "resolved": "4.5.4",
        "contentHash": "zteT+G8xuGu6mS+mzDzYXbzS7rd3K6Fjb9RiZlYlJPam2/hU7JCBZBVEcywNuR+oZ1ncTvc/cq0faRr3P01OVg=="
      },
      "System.Web.Services.Description": {
        "type": "Transitive",
        "resolved": "4.9.0",
        "contentHash": "d20B3upsWddwSG5xF3eQLs0cAV3tXDsBNqP4kh02ylfgZwqfpf4f/9KiZVIGIoxULt2cKqxWs+U4AdNAJ7L8cQ=="
      },
      "System.Windows.Extensions": {
        "type": "Transitive",
        "resolved": "6.0.0",
        "contentHash": "IXoJOXIqc39AIe+CIR7koBtRGMiCt/LPM3lI+PELtDIy9XdyeSrwXFdWV9dzJ2Awl0paLWUaknLxFQ5HpHZUog==",
        "dependencies": {
          "System.Drawing.Common": "6.0.0"
        }
      },
      "YamlDotNet": {
        "type": "Transitive",
        "resolved": "9.1.0",
        "contentHash": "fuvGXU4Ec5HrsmEc+BiFTNPCRf1cGBI2kh/3RzMWgddM2M4ALhbSPoI3X3mhXZUD1qqQd9oSkFAtWjpz8z9eRg=="
      },
      "common": {
        "type": "Project",
        "dependencies": {
          "Microsoft.Win32.Registry": "[4.5.0, )",
          "Newtonsoft.Json": "[9.0.1, )",
          "PowerShellProTools.SharedCommands": "[1.0.0, )",
          "PowerShellProTools.VSCode": "[1.0.0, )",
          "PowerShellStandard.Library": "[5.1.0, )",
          "Serilog.Sinks.File": "[5.0.0, )"
        }
      },
      "formdesigner.generator": {
        "type": "Project",
        "dependencies": {
          "PowerShellStandard.Library": "[5.1.0, )"
        }
      },
      "powershellprotools.sharedcommands": {
        "type": "Project",
        "dependencies": {
          "PowerShellStandard.Library": "[5.1.0, )"
        }
      },
      "PowerShellProTools.VSCode": {
        "type": "Project",
        "dependencies": {
          "FormDesigner.Generator": "[1.0.0, )",
          "ICSharpCode.Decompiler": "[7.0.0.6488, )",
          "Newtonsoft.Json": "[9.0.1, )",
          "PowerShellProTools.SharedCommands": "[1.0.0, )",
          "PowerShellStandard.Library": "[5.1.0, )"
        }
      },
      "powershelltoolspro.cmdlets": {
        "type": "Project",
        "dependencies": {
          "Common": "[1.0.0, )",
          "FormDesigner.Generator": "[1.0.0, )",
          "PowerShellStandard.Library": "[5.1.0, )",
          "PowerShellToolsPro.Packager": "[2.0.0, )",
          "StrongNamer": "[0.2.5, )",
          "System.IO.Pipes.AccessControl": "[4.5.0, )",
          "YamlDotNet": "[9.1.0, )",
          "morelinq": "[3.3.2, )"
        }
      },
      "powershelltoolspro.packager": {
        "type": "Project",
        "dependencies": {
          "PowerShellStandard.Library": "[5.1.0, )",
          "StrongNamer": "[0.2.5, )",
          "System.Drawing.Common": "[6.0.0, )",
          "System.Text.Json": "[4.6.0, )"
        }
      }
    }
  }
}